
Microsoft Visual Studio Solution File, Format Version 12.00
# Visual Studio Version 16
VisualStudioVersion = 16.0.29920.165
MinimumVisualStudioVersion = 10.0.40219.1
Project("{FAE04EC0-301F-11D3-BF4B-00C04F79EFBC}") = "PlanetsAndSpaceships", "PlanetsAndSpaceships\PlanetsAndSpaceships.csproj", "{B6422793-12F7-414C-84C8-BFCD3D696863}"
EndProject
Global
	GlobalSection(SolutionConfigurationPlatforms) = preSolution
		Debug|Any CPU = Debug|Any CPU
		Release|Any CPU = Release|Any CPU
	EndGlobalSection
	GlobalSection(ProjectConfigurationPlatforms) = postSolution
		{B6422793-12F7-414C-84C8-BFCD3D696863}.Debug|Any CPU.ActiveCfg = Debug|Any CPU
		{B6422793-12F7-414C-84C8-BFCD3D696863}.Debug|Any CPU.Build.0 = Debug|Any CPU
		{B6422793-12F7-414C-84C8-BFCD3D696863}.Release|Any CPU.ActiveCfg = Release|Any CPU
		{B6422793-12F7-414C-84C8-BFCD3D696863}.Release|Any CPU.Build.0 = Release|Any CPU
	EndGlobalSection
	GlobalSection(SolutionProperties) = preSolution
		HideSolutionNode = FALSE
	EndGlobalSection
	GlobalSection(ExtensibilityGlobals) = postSolution
		SolutionGuid = {8468DC95-04C0-47F9-98D7-45969012F75B}
	EndGlobalSection
EndGlobal
